# THIS IS AN AUTOGENERATED FILE. DO NOT EDIT THIS FILE DIRECTLY.
# yarn lockfile v1


"@usebirch/submission-api@^0.21.0-26-gc070ecb.dirty":
  version "0.21.0-26-gc070ecb.dirty"
  resolved "https://registry.yarnpkg.com/@usebirch/submission-api/-/submission-api-0.21.0-26-gc070ecb.dirty.tgz#f06ac106ac60b508153294413f313953110390c9"
  integrity sha512-Qd+63MvvvpX7IWV+9z23vsAvbsRrdYywXDzdU2KaTEq0K6p/yozJkenmr2Hc7alpLerHaAaKh9eG+5w33tsoVQ==
  dependencies:
    conjure-client "^2.4.1"

conjure-client@^2.4.1, conjure-client@^2.9.0:
  version "2.9.0"
  resolved "https://registry.yarnpkg.com/conjure-client/-/conjure-client-2.9.0.tgz#a082141deaf6629067996834710c99f2205f2ba7"
  integrity sha512-w+k9B9arhVzi4A6DIAGvW9hobKa+6R9LvnvkQxmJwZueqhj1WyOVxvNnSB/RKuXszi/dphZuVQqu6f6toje8bA==
  dependencies:
    web-streams-polyfill "^3.2.1"

web-streams-polyfill@^3.2.1:
  version "3.2.1"
  resolved "https://registry.yarnpkg.com/web-streams-polyfill/-/web-streams-polyfill-3.2.1.tgz#71c2718c52b45fd49dbeee88634b3a60ceab42a6"
  integrity sha512-e0MO3wdXWKrLbL0DgGnUV7WHVuw9OUvL4hjgnPkIeEvESk74gAITi5G606JtZPp39cd8HA9VQzCIvA49LpPN5Q==
